
Microsoft Visual Studio Solution File, Format Version 12.00
# Visual Studio 15
VisualStudioVersion = 15.0.26124.0
MinimumVisualStudioVersion = 15.0.26124.0
Project("{FAE04EC0-301F-11D3-BF4B-00C04F79EFBC}") = "API", "API\API.csproj", "{AB04B405-8DB1-4624-B39D-AEFA004B6B88}"
EndProject
Project("{FAE04EC0-301F-11D3-BF4B-00C04F79EFBC}") = "Core", "Core\Core.csproj", "{78F16AAC-105A-4975-A23F-27D69AF895C0}"
EndProject
Project("{FAE04EC0-301F-11D3-BF4B-00C04F79EFBC}") = "Infrastructure", "Infrastructure\Infrastructure.csproj", "{0C122157-4ED4-43A5-9EEA-6BC6B556D94F}"
EndProject
Global
	GlobalSection(SolutionConfigurationPlatforms) = preSolution
		Debug|Any CPU = Debug|Any CPU
		Debug|x64 = Debug|x64
		Debug|x86 = Debug|x86
		Release|Any CPU = Release|Any CPU
		Release|x64 = Release|x64
		Release|x86 = Release|x86
	EndGlobalSection
	GlobalSection(SolutionProperties) = preSolution
		HideSolutionNode = FALSE
	EndGlobalSection
	GlobalSection(ProjectConfigurationPlatforms) = postSolution
		{AB04B405-8DB1-4624-B39D-AEFA004B6B88}.Debug|Any CPU.ActiveCfg = Debug|Any CPU
		{AB04B405-8DB1-4624-B39D-AEFA004B6B88}.Debug|Any CPU.Build.0 = Debug|Any CPU
		{AB04B405-8DB1-4624-B39D-AEFA004B6B88}.Debug|x64.ActiveCfg = Debug|Any CPU
		{AB04B405-8DB1-4624-B39D-AEFA004B6B88}.Debug|x64.Build.0 = Debug|Any CPU
		{AB04B405-8DB1-4624-B39D-AEFA004B6B88}.Debug|x86.ActiveCfg = Debug|Any CPU
		{AB04B405-8DB1-4624-B39D-AEFA004B6B88}.Debug|x86.Build.0 = Debug|Any CPU
		{AB04B405-8DB1-4624-B39D-AEFA004B6B88}.Release|Any CPU.ActiveCfg = Release|Any CPU
		{AB04B405-8DB1-4624-B39D-AEFA004B6B88}.Release|Any CPU.Build.0 = Release|Any CPU
		{AB04B405-8DB1-4624-B39D-AEFA004B6B88}.Release|x64.ActiveCfg = Release|Any CPU
		{AB04B405-8DB1-4624-B39D-AEFA004B6B88}.Release|x64.Build.0 = Release|Any CPU
		{AB04B405-8DB1-4624-B39D-AEFA004B6B88}.Release|x86.ActiveCfg = Release|Any CPU
		{AB04B405-8DB1-4624-B39D-AEFA004B6B88}.Release|x86.Build.0 = Release|Any CPU
		{78F16AAC-105A-4975-A23F-27D69AF895C0}.Debug|Any CPU.ActiveCfg = Debug|Any CPU
		{78F16AAC-105A-4975-A23F-27D69AF895C0}.Debug|Any CPU.Build.0 = Debug|Any CPU
		{78F16AAC-105A-4975-A23F-27D69AF895C0}.Debug|x64.ActiveCfg = Debug|Any CPU
		{78F16AAC-105A-4975-A23F-27D69AF895C0}.Debug|x64.Build.0 = Debug|Any CPU
		{78F16AAC-105A-4975-A23F-27D69AF895C0}.Debug|x86.ActiveCfg = Debug|Any CPU
		{78F16AAC-105A-4975-A23F-27D69AF895C0}.Debug|x86.Build.0 = Debug|Any CPU
		{78F16AAC-105A-4975-A23F-27D69AF895C0}.Release|Any CPU.ActiveCfg = Release|Any CPU
		{78F16AAC-105A-4975-A23F-27D69AF895C0}.Release|Any CPU.Build.0 = Release|Any CPU
		{78F16AAC-105A-4975-A23F-27D69AF895C0}.Release|x64.ActiveCfg = Release|Any CPU
		{78F16AAC-105A-4975-A23F-27D69AF895C0}.Release|x64.Build.0 = Release|Any CPU
		{78F16AAC-105A-4975-A23F-27D69AF895C0}.Release|x86.ActiveCfg = Release|Any CPU
		{78F16AAC-105A-4975-A23F-27D69AF895C0}.Release|x86.Build.0 = Release|Any CPU
		{0C122157-4ED4-43A5-9EEA-6BC6B556D94F}.Debug|Any CPU.ActiveCfg = Debug|Any CPU
		{0C122157-4ED4-43A5-9EEA-6BC6B556D94F}.Debug|Any CPU.Build.0 = Debug|Any CPU
		{0C122157-4ED4-43A5-9EEA-6BC6B556D94F}.Debug|x64.ActiveCfg = Debug|Any CPU
		{0C122157-4ED4-43A5-9EEA-6BC6B556D94F}.Debug|x64.Build.0 = Debug|Any CPU
		{0C122157-4ED4-43A5-9EEA-6BC6B556D94F}.Debug|x86.ActiveCfg = Debug|Any CPU
		{0C122157-4ED4-43A5-9EEA-6BC6B556D94F}.Debug|x86.Build.0 = Debug|Any CPU
		{0C122157-4ED4-43A5-9EEA-6BC6B556D94F}.Release|Any CPU.ActiveCfg = Release|Any CPU
		{0C122157-4ED4-43A5-9EEA-6BC6B556D94F}.Release|Any CPU.Build.0 = Release|Any CPU
		{0C122157-4ED4-43A5-9EEA-6BC6B556D94F}.Release|x64.ActiveCfg = Release|Any CPU
		{0C122157-4ED4-43A5-9EEA-6BC6B556D94F}.Release|x64.Build.0 = Release|Any CPU
		{0C122157-4ED4-43A5-9EEA-6BC6B556D94F}.Release|x86.ActiveCfg = Release|Any CPU
		{0C122157-4ED4-43A5-9EEA-6BC6B556D94F}.Release|x86.Build.0 = Release|Any CPU
	EndGlobalSection
EndGlobal
